Microsoft Visual Studio Solution File, Format Version 12.00
# Visual Studio 15
VisualStudioVersion = 15.0.26124.0
MinimumVisualStudioVersion = 15.0.26124.0
Project("{2150E333-8FDC-42A3-9474-1A3956D46DE8}") = "src", "src", "{2572D1A1-E0A6-4C4E-BADB-D1EC16661117}"
EndProject
Project("{9A19103F-16F7-4668-BE54-9A1E7A4F7556}") = "Reinmar.Infrastructure", "src\Reinmar.Infrastructure\Reinmar.Infrastructure.csproj", "{9097C795-72B5-40AA-B417-E496043D667A}"
EndProject
Project("{9A19103F-16F7-4668-BE54-9A1E7A4F7556}") = "Reinmar.Api", "src\Reinmar.Api\Reinmar.Api.csproj", "{8C0C5C2D-07D4-45FC-B0B2-756162B54803}"
EndProject
Project("{2150E333-8FDC-42A3-9474-1A3956D46DE8}") = "tests", "tests", "{1FCEE976-FAEC-4AEC-AADA-36E145A41FBB}"
EndProject
Project("{9A19103F-16F7-4668-BE54-9A1E7A4F7556}") = "Reinmar.Api.Tests", "tests\Reinmar.Api.Tests\Reinmar.Api.Tests.csproj", "{AA21BAC7-6D5D-4280-850F-39BE3BFAE0A7}"
EndProject
Project("{9A19103F-16F7-4668-BE54-9A1E7A4F7556}") = "Reinmar.Infrastructure.Tests", "tests\Reinmar.Infrastructure.Tests\Reinmar.Infrastructure.Tests.csproj", "{235932FE-0757-4094-A4E0-B4377C2899C7}"
EndProject
Global
	GlobalSection(SolutionConfigurationPlatforms) = preSolution
		Debug|Any CPU = Debug|Any CPU
		Debug|x64 = Debug|x64
		Debug|x86 = Debug|x86
		Release|Any CPU = Release|Any CPU
		Release|x64 = Release|x64
		Release|x86 = Release|x86
	EndGlobalSection
	GlobalSection(ProjectConfigurationPlatforms) = postSolution
		{9097C795-72B5-40AA-B417-E496043D667A}.Debug|Any CPU.ActiveCfg = Debug|Any CPU
		{9097C795-72B5-40AA-B417-E496043D667A}.Debug|Any CPU.Build.0 = Debug|Any CPU
		{9097C795-72B5-40AA-B417-E496043D667A}.Debug|x64.ActiveCfg = Debug|Any CPU
		{9097C795-72B5-40AA-B417-E496043D667A}.Debug|x64.Build.0 = Debug|Any CPU
		{9097C795-72B5-40AA-B417-E496043D667A}.Debug|x86.ActiveCfg = Debug|Any CPU
		{9097C795-72B5-40AA-B417-E496043D667A}.Debug|x86.Build.0 = Debug|Any CPU
		{9097C795-72B5-40AA-B417-E496043D667A}.Release|Any CPU.ActiveCfg = Release|Any CPU
		{9097C795-72B5-40AA-B417-E496043D667A}.Release|Any CPU.Build.0 = Release|Any CPU
		{9097C795-72B5-40AA-B417-E496043D667A}.Release|x64.ActiveCfg = Release|Any CPU
		{9097C795-72B5-40AA-B417-E496043D667A}.Release|x64.Build.0 = Release|Any CPU
		{9097C795-72B5-40AA-B417-E496043D667A}.Release|x86.ActiveCfg = Release|Any CPU
		{9097C795-72B5-40AA-B417-E496043D667A}.Release|x86.Build.0 = Release|Any CPU
		{8C0C5C2D-07D4-45FC-B0B2-756162B54803}.Debug|Any CPU.ActiveCfg = Debug|Any CPU
		{8C0C5C2D-07D4-45FC-B0B2-756162B54803}.Debug|Any CPU.Build.0 = Debug|Any CPU
		{8C0C5C2D-07D4-45FC-B0B2-756162B54803}.Debug|x64.ActiveCfg = Debug|Any CPU
		{8C0C5C2D-07D4-45FC-B0B2-756162B54803}.Debug|x64.Build.0 = Debug|Any CPU
		{8C0C5C2D-07D4-45FC-B0B2-756162B54803}.Debug|x86.ActiveCfg = Debug|Any CPU
		{8C0C5C2D-07D4-45FC-B0B2-756162B54803}.Debug|x86.Build.0 = Debug|Any CPU
		{8C0C5C2D-07D4-45FC-B0B2-756162B54803}.Release|Any CPU.ActiveCfg = Release|Any CPU
		{8C0C5C2D-07D4-45FC-B0B2-756162B54803}.Release|Any CPU.Build.0 = Release|Any CPU
		{8C0C5C2D-07D4-45FC-B0B2-756162B54803}.Release|x64.ActiveCfg = Release|Any CPU
		{8C0C5C2D-07D4-45FC-B0B2-756162B54803}.Release|x64.Build.0 = Release|Any CPU
		{8C0C5C2D-07D4-45FC-B0B2-756162B54803}.Release|x86.ActiveCfg = Release|Any CPU
		{8C0C5C2D-07D4-45FC-B0B2-756162B54803}.Release|x86.Build.0 = Release|Any CPU
		{AA21BAC7-6D5D-4280-850F-39BE3BFAE0A7}.Debug|Any CPU.ActiveCfg = Debug|Any CPU
		{AA21BAC7-6D5D-4280-850F-39BE3BFAE0A7}.Debug|Any CPU.Build.0 = Debug|Any CPU
		{AA21BAC7-6D5D-4280-850F-39BE3BFAE0A7}.Debug|x64.ActiveCfg = Debug|Any CPU
		{AA21BAC7-6D5D-4280-850F-39BE3BFAE0A7}.Debug|x64.Build.0 = Debug|Any CPU
		{AA21BAC7-6D5D-4280-850F-39BE3BFAE0A7}.Debug|x86.ActiveCfg = Debug|Any CPU
		{AA21BAC7-6D5D-4280-850F-39BE3BFAE0A7}.Debug|x86.Build.0 = Debug|Any CPU
		{AA21BAC7-6D5D-4280-850F-39BE3BFAE0A7}.Release|Any CPU.ActiveCfg = Release|Any CPU
		{AA21BAC7-6D5D-4280-850F-39BE3BFAE0A7}.Release|Any CPU.Build.0 = Release|Any CPU
		{AA21BAC7-6D5D-4280-850F-39BE3BFAE0A7}.Release|x64.ActiveCfg = Release|Any CPU
		{AA21BAC7-6D5D-4280-850F-39BE3BFAE0A7}.Release|x64.Build.0 = Release|Any CPU
		{AA21BAC7-6D5D-4280-850F-39BE3BFAE0A7}.Release|x86.ActiveCfg = Release|Any CPU
		{AA21BAC7-6D5D-4280-850F-39BE3BFAE0A7}.Release|x86.Build.0 = Release|Any CPU
		{235932FE-0757-4094-A4E0-B4377C2899C7}.Debug|Any CPU.ActiveCfg = Debug|Any CPU
		{235932FE-0757-4094-A4E0-B4377C2899C7}.Debug|Any CPU.Build.0 = Debug|Any CPU
		{235932FE-0757-4094-A4E0-B4377C2899C7}.Debug|x64.ActiveCfg = Debug|Any CPU
		{235932FE-0757-4094-A4E0-B4377C2899C7}.Debug|x64.Build.0 = Debug|Any CPU
		{235932FE-0757-4094-A4E0-B4377C2899C7}.Debug|x86.ActiveCfg = Debug|Any CPU
		{235932FE-0757-4094-A4E0-B4377C2899C7}.Debug|x86.Build.0 = Debug|Any CPU
		{235932FE-0757-4094-A4E0-B4377C2899C7}.Release|Any CPU.ActiveCfg = Release|Any CPU
		{235932FE-0757-4094-A4E0-B4377C2899C7}.Release|Any CPU.Build.0 = Release|Any CPU
		{235932FE-0757-4094-A4E0-B4377C2899C7}.Release|x64.ActiveCfg = Release|Any CPU
		{235932FE-0757-4094-A4E0-B4377C2899C7}.Release|x64.Build.0 = Release|Any CPU
		{235932FE-0757-4094-A4E0-B4377C2899C7}.Release|x86.ActiveCfg = Release|Any CPU
		{235932FE-0757-4094-A4E0-B4377C2899C7}.Release|x86.Build.0 = Release|Any CPU
	EndGlobalSection
	GlobalSection(SolutionProperties) = preSolution
		HideSolutionNode = FALSE
	EndGlobalSection
	GlobalSection(NestedProjects) = preSolution
		{9097C795-72B5-40AA-B417-E496043D667A} = {2572D1A1-E0A6-4C4E-BADB-D1EC16661117}
		{8C0C5C2D-07D4-45FC-B0B2-756162B54803} = {2572D1A1-E0A6-4C4E-BADB-D1EC16661117}
		{AA21BAC7-6D5D-4280-850F-39BE3BFAE0A7} = {1FCEE976-FAEC-4AEC-AADA-36E145A41FBB}
		{235932FE-0757-4094-A4E0-B4377C2899C7} = {1FCEE976-FAEC-4AEC-AADA-36E145A41FBB}
	EndGlobalSection
	GlobalSection(ExtensibilityGlobals) = postSolution
		SolutionGuid = {921D841F-B402-41B7-882A-B54D5D3A1DB1}
	EndGlobalSection
EndGlobal
